// !$*UTF8*$!
{
	archiveVersion = 1;
	classes = {
	};
	objectVersion = 46;
	objects = {

/* Begin PBXBuildFile section */
		813F23871ECA0FF200108A8C /* main.swift in Sources */ = {isa = PBXBuildFile; fileRef = 813F23861ECA0FF200108A8C /* main.swift */; };
		813F238F1ECA100200108A8C /* LineWriter.swift in Sources */ = {isa = PBXBuildFile; fileRef = 813F238D1ECA100200108A8C /* LineWriter.swift */; };
		813F23901ECA100200108A8C /* LineReader.swift in Sources */ = {isa = PBXBuildFile; fileRef = 813F238E1ECA100200108A8C /* LineReader.swift */; };
/* End PBXBuildFile section */

/* Begin PBXCopyFilesBuildPhase section */
		813F23811ECA0FF200108A8C /* CopyFiles */ = {
			isa = PBXCopyFilesBuildPhase;
			buildActionMask = 2147483647;
			dstPath = /usr/share/man/man1/;
			dstSubfolderSpec = 0;
			files = (
			);
			runOnlyForDeploymentPostprocessing = 1;
		};
/* End PBXCopyFilesBuildPhase section */

/* Begin PBXFileReference section */
		813F23831ECA0FF200108A8C /* FileReadingWritingExample */ = {isa = PBXFileReference; explicitFileType = "compiled.mach-o.executable"; includeInIndex = 0; path = FileReadingWritingExample; sourceTree = BUILT_PRODUCTS_DIR; };
		813F23861ECA0FF200108A8C /* main.swift */ = {isa = PBXFileReference; lastKnownFileType = sourcecode.swift; path = main.swift; sourceTree = "<group>"; };
		813F238D1ECA100200108A8C /* LineWriter.swift */ = {isa = PBXFileReference; fileEncoding = 4; lastKnownFileType = sourcecode.swift; path = LineWriter.swift; sourceTree = "<group>"; };
		813F238E1ECA100200108A8C /* LineReader.swift */ = {isa = PBXFileReference; fileEncoding = 4; lastKnownFileType = sourcecode.swift; path = LineReader.swift; sourceTree = "<group>"; };
		81B2891C1ED5AD0B00C3569B /* l-systems.txt */ = {isa = PBXFileReference; fileEncoding = 4; lastKnownFileType = text; name = "l-systems.txt"; path = "FileReadingWritingExample/l-systems.txt"; sourceTree = "<group>"; };
/* End PBXFileReference section */

/* Begin PBXFrameworksBuildPhase section */
		813F23801ECA0FF200108A8C /* Frameworks */ = {
			isa = PBXFrameworksBuildPhase;
			buildActionMask = 2147483647;
			files = (
			);
			runOnlyForDeploymentPostprocessing = 0;
		};
/* End PBXFrameworksBuildPhase section */

/* Begin PBXGroup section */
		813F237A1ECA0FF200108A8C = {
			isa = PBXGroup;
			children = (
				81B2891C1ED5AD0B00C3569B /* l-systems.txt */,
				813F23851ECA0FF200108A8C /* FileReadingWritingExample */,
				813F23841ECA0FF200108A8C /* Products */,
			);
			sourceTree = "<group>";
		};
		813F23841ECA0FF200108A8C /* Products */ = {
			isa = PBXGroup;
			children = (
				813F23831ECA0FF200108A8C /* FileReadingWritingExample */,
			);
			name = Products;
			sourceTree = "<group>";
		};
		813F23851ECA0FF200108A8C /* FileReadingWritingExample */ = {
			isa = PBXGroup;
			children = (
				813F23861ECA0FF200108A8C /* main.swift */,
				813F238D1ECA100200108A8C /* LineWriter.swift */,
				813F238E1ECA100200108A8C /* LineReader.swift */,
			);
			path = FileReadingWritingExample;
			sourceTree = "<group>";
		};
/* End PBXGroup section */

/* Begin PBXNativeTarget section */
		813F23821ECA0FF200108A8C /* FileReadingWritingExample */ = {
			isa = PBXNativeTarget;
			buildConfigurationList = 813F238A1ECA0FF200108A8C /* Build configuration list for PBXNativeTarget "FileReadingWritingExample" */;
			buildPhases = (
				813F237F1ECA0FF200108A8C /* Sources */,
				813F23801ECA0FF200108A8C /* Frameworks */,
				813F23811ECA0FF200108A8C /* CopyFiles */,
			);
			buildRules = (
			);
			dependencies = (
			);
			name = FileReadingWritingExample;
			productName = FileReadingWritingExample;
			productReference = 813F23831ECA0FF200108A8C /* FileReadingWritingExample */;
			productType = "com.apple.product-type.tool";
		};
/* End PBXNativeTarget section */

/* Begin PBXProject section */
		813F237B1ECA0FF200108A8C /* Project object */ = {
			isa = PBXProject;
			attributes = {
				LastSwiftUpdateCheck = 0830;
				LastUpgradeCheck = 0830;
				ORGANIZATIONNAME = "Russell Gordon";
				TargetAttributes = {
					813F23821ECA0FF200108A8C = {
						CreatedOnToolsVersion = 8.3.2;
						DevelopmentTeam = U2ZN2W2UQJ;
						ProvisioningStyle = Automatic;
					};
				};
			};
			buildConfigurationList = 813F237E1ECA0FF200108A8C /* Build configuration list for PBXProject "FileReadingWritingExample" */;
			compatibilityVersion = "Xcode 3.2";
			developmentRegion = English;
			hasScannedForEncodings = 0;
			knownRegions = (
				en,
			);
			mainGroup = 813F237A1ECA0FF200108A8C;
			productRefGroup = 813F23841ECA0FF200108A8C /* Products */;
			projectDirPath = "";
			projectRoot = "";
			targets = (
				813F23821ECA0FF200108A8C /* FileReadingWritingExample */,
			);
		};
/* End PBXProject section */

/* Begin PBXSourcesBuildPhase section */
		813F237F1ECA0FF200108A8C /* Sources */ = {
			isa = PBXSourcesBuildPhase;
			buildActionMask = 2147483647;
			files = (
				813F238F1ECA100200108A8C /* LineWriter.swift in Sources */,
				813F23901ECA100200108A8C /* LineReader.swift in Sources */,
				813F23871ECA0FF200108A8C /* main.swift in Sources */,
			);
			runOnlyForDeploymentPostprocessing = 0;
		};
/* End PBXSourcesBuildPhase section */

/* Begin XCBuildConfiguration section */
		813F23881ECA0FF200108A8C /* Debug */ = {
			isa = XCBuildConfiguration;
			buildSettings = {
				ALWAYS_SEARCH_USER_PATHS = NO;
				CLANG_ANALYZER_NONNULL = YES;
				CLANG_ANALYZER_NUMBER_OBJECT_CONVERSION = YES_AGGRESSIVE;
				CLANG_CXX_LANGUAGE_STANDARD = "gnu++0x";
				CLANG_CXX_LIBRARY = "libc++";
				CLANG_ENABLE_MODULES = YES;
				CLANG_ENABLE_OBJC_ARC = YES;
				CLANG_WARN_BOOL_CONVERSION = YES;
				CLANG_WARN_CONSTANT_CONVERSION = YES;
				CLANG_WARN_DIRECT_OBJC_ISA_USAGE = YES_ERROR;
				CLANG_WARN_DOCUMENTATION_COMMENTS = YES;
				CLANG_WARN_EMPTY_BODY = YES;
				CLANG_WARN_ENUM_CONVERSION = YES;
				CLANG_WARN_INFINITE_RECURSION = YES;
				CLANG_WARN_INT_CONVERSION = YES;
				CLANG_WARN_OBJC_ROOT_CLASS = YES_ERROR;
				CLANG_WARN_SUSPICIOUS_MOVE = YES;
				CLANG_WARN_UNREACHABLE_CODE = YES;
				CLANG_WARN__DUPLICATE_METHOD_MATCH = YES;
				CODE_SIGN_IDENTITY = "-";
				COPY_PHASE_STRIP = NO;
				DEBUG_INFORMATION_FORMAT = dwarf;
				ENABLE_STRICT_OBJC_MSGSEND = YES;
				ENABLE_TESTABILITY = YES;
				GCC_C_LANGUAGE_STANDARD = gnu99;
				GCC_DYNAMIC_NO_PIC = NO;
				GCC_NO_COMMON_BLOCKS = YES;
				GCC_OPTIMIZATION_LEVEL = 0;
				GCC_PREPROCESSOR_DEFINITIONS = (
					"DEBUG=1",
					"$(inherited)",
				);
				GCC_WARN_64_TO_32_BIT_CONVERSION = YES;
				GCC_WARN_ABOUT_RETURN_TYPE = YES_ERROR;
				GCC_WARN_UNDECLARED_SELECTOR = YES;
				GCC_WARN_UNINITIALIZED_AUTOS = YES_AGGRESSIVE;
				GCC_WARN_UNUSED_FUNCTION = YES;
				GCC_WARN_UNUSED_VARIABLE = YES;
				MACOSX_DEPLOYMENT_TARGET = 10.12;
				MTL_ENABLE_DEBUG_INFO = YES;
				ONLY_ACTIVE_ARCH = YES;
				SDKROOT = macosx;
				SWIFT_OPTIMIZATION_LEVEL = "-Onone";
			};
			name = Debug;
		};
		813F23891ECA0FF200108A8C /* Release */ = {
			isa = XCBuildConfiguration;
			buildSettings = {
				ALWAYS_SEARCH_USER_PATHS = NO;
				CLANG_ANALYZER_NONNULL = YES;
				CLANG_ANALYZER_NUMBER_OBJECT_CONVERSION = YES_AGGRESSIVE;
				CLANG_CXX_LANGUAGE_STANDARD = "gnu++0x";
				CLANG_CXX_LIBRARY = "libc++";
				CLANG_ENABLE_MODULES = YES;
				CLANG_ENABLE_OBJC_ARC = YES;
				CLANG_WARN_BOOL_CONVERSION = YES;
				CLANG_WARN_CONSTANT_CONVERSION = YES;
				CLANG_WARN_DIRECT_OBJC_ISA_USAGE = YES_ERROR;
				CLANG_WARN_DOCUMENTATION_COMMENTS = YES;
				CLANG_WARN_EMPTY_BODY = YES;
				CLANG_WARN_ENUM_CONVERSION = YES;
				CLANG_WARN_INFINITE_RECURSION = YES;
				CLANG_WARN_INT_CONVERSION = YES;
				CLANG_WARN_OBJC_ROOT_CLASS = YES_ERROR;
				CLANG_WARN_SUSPICIOUS_MOVE = YES;
				CLANG_WARN_UNREACHABLE_CODE = YES;
				CLANG_WARN__DUPLICATE_METHOD_MATCH = YES;
				CODE_SIGN_IDENTITY = "-";
				COPY_PHASE_STRIP = NO;
				DEBUG_INFORMATION_FORMAT = "dwarf-with-dsym";
				ENABLE_NS_ASSERTIONS = NO;
				ENABLE_STRICT_OBJC_MSGSEND = YES;
				GCC_C_LANGUAGE_STANDARD = gnu99;
				GCC_NO_COMMON_BLOCKS = YES;
				GCC_WARN_64_TO_32_BIT_CONVERSION = YES;
				GCC_WARN_ABOUT_RETURN_TYPE = YES_ERROR;
				GCC_WARN_UNDECLARED_SELECTOR = YES;
				GCC_WARN_UNINITIALIZED_AUTOS = YES_AGGRESSIVE;
				GCC_WARN_UNUSED_FUNCTION = YES;
				GCC_WARN_UNUSED_VARIABLE = YES;
				MACOSX_DEPLOYMENT_TARGET = 10.12;
				MTL_ENABLE_DEBUG_INFO = NO;
				SDKROOT = macosx;
			};
			name = Release;
		};
		813F238B1ECA0FF200108A8C /* Debug */ = {
			isa = XCBuildConfiguration;
			buildSettings = {
				DEVELOPMENT_TEAM = U2ZN2W2UQJ;
				PRODUCT_NAME = "$(TARGET_NAME)";
				SWIFT_VERSION = 3.0;
			};
			name = Debug;
		};
		813F238C1ECA0FF200108A8C /* Release */ = {
			isa = XCBuildConfiguration;
			buildSettings = {
				DEVELOPMENT_TEAM = U2ZN2W2UQJ;
				PRODUCT_NAME = "$(TARGET_NAME)";
				SWIFT_VERSION = 3.0;
			};
			name = Release;
		};
/* End XCBuildConfiguration section */

/* Begin XCConfigurationList section */
		813F237E1ECA0FF200108A8C /* Build configuration list for PBXProject "FileReadingWritingExample" */ = {
			isa = XCConfigurationList;
			buildConfigurations = (
				813F23881ECA0FF200108A8C /* Debug */,
				813F23891ECA0FF200108A8C /* Release */,
			);
			defaultConfigurationIsVisible = 0;
			defaultConfigurationName = Release;
		};
		813F238A1ECA0FF200108A8C /* Build configuration list for PBXNativeTarget "FileReadingWritingExample" */ = {
			isa = XCConfigurationList;
			buildConfigurations = (
				813F238B1ECA0FF200108A8C /* Debug */,
				813F238C1ECA0FF200108A8C /* Release */,
			);
			defaultConfigurationIsVisible = 0;
			defaultConfigurationName = Release;
		};
/* End XCConfigurationList section */
	};
	rootObject = 813F237B1ECA0FF200108A8C /* Project object */;
}
